
Microsoft Visual Studio Solution File, Format Version 12.00
# Visual Studio Version 17
VisualStudioVersion = 17.7.34031.279
MinimumVisualStudioVersion = 10.0.40219.1
Project("{2150E333-8FDC-42A3-9474-1A3956D46DE8}") = "Task0", "Task0", "{A5DEA1C6-5C5D-4D02-973A-CE299FC46BC6}"
EndProject
Project("{FAE04EC0-301F-11D3-BF4B-00C04F79EFBC}") = "Tyuiu.SpirinAA.Sprint3.Task0.V25", "Tyuiu.SpirinAA.Sprint3.Task0.V25\Tyuiu.SpirinAA.Sprint3.Task0.V25.csproj", "{F408F602-AC85-4B16-87E9-AE66CBEFB45D}"
EndProject
Project("{FAE04EC0-301F-11D3-BF4B-00C04F79EFBC}") = "Tyuiu.SpirinAA.Sprint3.Task0.V25.Lib", "Tyuiu.SpirinAA.Sprint3.Task0.V25.Lib\Tyuiu.SpirinAA.Sprint3.Task0.V25.Lib.csproj", "{08770495-BCDD-4066-A4A3-1F1E4B741816}"
EndProject
Project("{FAE04EC0-301F-11D3-BF4B-00C04F79EFBC}") = "Tyuiu.SpirinAA.Sprint3.Task0.V25.Test", "Tyuiu.SpirinAA.Sprint3.Task0.V25.Test\Tyuiu.SpirinAA.Sprint3.Task0.V25.Test.csproj", "{57D7129B-0F93-4D85-B1DF-FE948D4453FE}"
EndProject
Project("{2150E333-8FDC-42A3-9474-1A3956D46DE8}") = "Task1", "Task1", "{85AE2D77-5A44-46DF-A2D6-6D8D7354C230}"
EndProject
Project("{FAE04EC0-301F-11D3-BF4B-00C04F79EFBC}") = "Tyuiu.SpirinAA.Sprint3.Task1.V1", "Tyuiu.SpirinAA.Sprint3.Task1.V1\Tyuiu.SpirinAA.Sprint3.Task1.V1.csproj", "{B7BD9CBA-BD55-4B38-95C0-22D60DD4C1D1}"
EndProject
Project("{FAE04EC0-301F-11D3-BF4B-00C04F79EFBC}") = "Tyuiu.SpirinAA.Sprint3.Task1.V1.Lib", "Tyuiu.SpirinAA.Sprint3.Task1.V1.Lib\Tyuiu.SpirinAA.Sprint3.Task1.V1.Lib.csproj", "{F57D37FE-CA45-4AB0-845C-698F25588F37}"
EndProject
Project("{FAE04EC0-301F-11D3-BF4B-00C04F79EFBC}") = "Tyuiu.SpirinAA.Sprint3.Task1.V1.Test", "Tyuiu.SpirinAA.Sprint3.Task1.V1.Test\Tyuiu.SpirinAA.Sprint3.Task1.V1.Test.csproj", "{1C0223D6-5B39-49DE-ABCC-184C319A6FB7}"
EndProject
Project("{2150E333-8FDC-42A3-9474-1A3956D46DE8}") = "Task2", "Task2", "{BA1B19EB-40FD-42DD-BE02-AD52078DBDA9}"
EndProject
Project("{FAE04EC0-301F-11D3-BF4B-00C04F79EFBC}") = "Tyuiu.SpirinAA.Sprint3.Task2.V15", "Tyuiu.SpirinAA.Sprint3.Task2.V15\Tyuiu.SpirinAA.Sprint3.Task2.V15.csproj", "{EDEE62AB-4187-4DDF-85BE-682A5001D6C2}"
EndProject
Project("{FAE04EC0-301F-11D3-BF4B-00C04F79EFBC}") = "Tyuiu.SpirinAA.Sprint3.Task2.V15.Lib", "Tyuiu.SpirinAA.Sprint3.Task2.V15.Lib\Tyuiu.SpirinAA.Sprint3.Task2.V15.Lib.csproj", "{9BB8D7F9-F5C9-4038-9224-00A941EA567A}"
EndProject
Project("{FAE04EC0-301F-11D3-BF4B-00C04F79EFBC}") = "Tyuiu.SpirinAA.Sprint3.Task2.V15.Test", "Tyuiu.SpirinAA.Sprint3.Task2.V15.Test\Tyuiu.SpirinAA.Sprint3.Task2.V15.Test.csproj", "{C81C24DD-673E-4874-A6BB-7FFD0B2C2E21}"
EndProject
Project("{2150E333-8FDC-42A3-9474-1A3956D46DE8}") = "Task3", "Task3", "{E36D67F9-C0D8-44F0-9413-C5C6097748EB}"
EndProject
Project("{FAE04EC0-301F-11D3-BF4B-00C04F79EFBC}") = "Tyuiu.SpirinAA.Sprint3.Task3.V3", "Tyuiu.SpirinAA.Sprint3.Task3.V3\Tyuiu.SpirinAA.Sprint3.Task3.V3.csproj", "{370B1C15-9A37-4156-9F26-7759E25FD489}"
EndProject
Project("{FAE04EC0-301F-11D3-BF4B-00C04F79EFBC}") = "Tyuiu.SpirinAA.Sprint3.Task3.V3.Lib", "Tyuiu.SpirinAA.Sprint3.Task3.V3.Lib\Tyuiu.SpirinAA.Sprint3.Task3.V3.Lib.csproj", "{21246D62-97C4-4E95-B1D2-B4A3ED4E7D6C}"
EndProject
Project("{FAE04EC0-301F-11D3-BF4B-00C04F79EFBC}") = "Tyuiu.SpirinAA.Sprint3.Task3.V3.Test", "Tyuiu.SpirinAA.Sprint3.Task3.V3.Test\Tyuiu.SpirinAA.Sprint3.Task3.V3.Test.csproj", "{FC32C02F-9148-43FC-BB0F-9721F7CF3321}"
EndProject
Project("{2150E333-8FDC-42A3-9474-1A3956D46DE8}") = "Task4", "Task4", "{ACC367E8-6803-44C6-90AF-5BB3C91C9D23}"
EndProject
Project("{FAE04EC0-301F-11D3-BF4B-00C04F79EFBC}") = "Tyuiu.SpirinAA.Sprint3.Task4.V13", "Tyuiu.SpirinAA.Sprint3.Task4.V13\Tyuiu.SpirinAA.Sprint3.Task4.V13.csproj", "{11FACBC3-8B90-4E63-BEF6-AEEBDC85E079}"
EndProject
Project("{FAE04EC0-301F-11D3-BF4B-00C04F79EFBC}") = "Tyuiu.SpirinAA.Sprint3.Task4.V13.Lib", "Tyuiu.SpirinAA.Sprint3.Task4.V13.Lib\Tyuiu.SpirinAA.Sprint3.Task4.V13.Lib.csproj", "{D3D8362D-5B42-4C81-9472-C821A0D0684E}"
EndProject
Project("{FAE04EC0-301F-11D3-BF4B-00C04F79EFBC}") = "Tyuiu.SpirinAA.Sprint3.Task4.V13.Test", "Tyuiu.SpirinAA.Sprint3.Task4.V13.Test\Tyuiu.SpirinAA.Sprint3.Task4.V13.Test.csproj", "{C214BF55-9D5D-4E4D-828F-6F6372F3FB76}"
EndProject
Global
	GlobalSection(SolutionConfigurationPlatforms) = preSolution
		Debug|Any CPU = Debug|Any CPU
		Release|Any CPU = Release|Any CPU
	EndGlobalSection
	GlobalSection(ProjectConfigurationPlatforms) = postSolution
		{F408F602-AC85-4B16-87E9-AE66CBEFB45D}.Debug|Any CPU.ActiveCfg = Debug|Any CPU
		{F408F602-AC85-4B16-87E9-AE66CBEFB45D}.Debug|Any CPU.Build.0 = Debug|Any CPU
		{F408F602-AC85-4B16-87E9-AE66CBEFB45D}.Release|Any CPU.ActiveCfg = Release|Any CPU
		{F408F602-AC85-4B16-87E9-AE66CBEFB45D}.Release|Any CPU.Build.0 = Release|Any CPU
		{08770495-BCDD-4066-A4A3-1F1E4B741816}.Debug|Any CPU.ActiveCfg = Debug|Any CPU
		{08770495-BCDD-4066-A4A3-1F1E4B741816}.Debug|Any CPU.Build.0 = Debug|Any CPU
		{08770495-BCDD-4066-A4A3-1F1E4B741816}.Release|Any CPU.ActiveCfg = Release|Any CPU
		{08770495-BCDD-4066-A4A3-1F1E4B741816}.Release|Any CPU.Build.0 = Release|Any CPU
		{57D7129B-0F93-4D85-B1DF-FE948D4453FE}.Debug|Any CPU.ActiveCfg = Debug|Any CPU
		{57D7129B-0F93-4D85-B1DF-FE948D4453FE}.Debug|Any CPU.Build.0 = Debug|Any CPU
		{57D7129B-0F93-4D85-B1DF-FE948D4453FE}.Release|Any CPU.ActiveCfg = Release|Any CPU
		{57D7129B-0F93-4D85-B1DF-FE948D4453FE}.Release|Any CPU.Build.0 = Release|Any CPU
		{B7BD9CBA-BD55-4B38-95C0-22D60DD4C1D1}.Debug|Any CPU.ActiveCfg = Debug|Any CPU
		{B7BD9CBA-BD55-4B38-95C0-22D60DD4C1D1}.Debug|Any CPU.Build.0 = Debug|Any CPU
		{B7BD9CBA-BD55-4B38-95C0-22D60DD4C1D1}.Release|Any CPU.ActiveCfg = Release|Any CPU
		{B7BD9CBA-BD55-4B38-95C0-22D60DD4C1D1}.Release|Any CPU.Build.0 = Release|Any CPU
		{F57D37FE-CA45-4AB0-845C-698F25588F37}.Debug|Any CPU.ActiveCfg = Debug|Any CPU
		{F57D37FE-CA45-4AB0-845C-698F25588F37}.Debug|Any CPU.Build.0 = Debug|Any CPU
		{F57D37FE-CA45-4AB0-845C-698F25588F37}.Release|Any CPU.ActiveCfg = Release|Any CPU
		{F57D37FE-CA45-4AB0-845C-698F25588F37}.Release|Any CPU.Build.0 = Release|Any CPU
		{1C0223D6-5B39-49DE-ABCC-184C319A6FB7}.Debug|Any CPU.ActiveCfg = Debug|Any CPU
		{1C0223D6-5B39-49DE-ABCC-184C319A6FB7}.Debug|Any CPU.Build.0 = Debug|Any CPU
		{1C0223D6-5B39-49DE-ABCC-184C319A6FB7}.Release|Any CPU.ActiveCfg = Release|Any CPU
		{1C0223D6-5B39-49DE-ABCC-184C319A6FB7}.Release|Any CPU.Build.0 = Release|Any CPU
		{EDEE62AB-4187-4DDF-85BE-682A5001D6C2}.Debug|Any CPU.ActiveCfg = Debug|Any CPU
		{EDEE62AB-4187-4DDF-85BE-682A5001D6C2}.Debug|Any CPU.Build.0 = Debug|Any CPU
		{EDEE62AB-4187-4DDF-85BE-682A5001D6C2}.Release|Any CPU.ActiveCfg = Release|Any CPU
		{EDEE62AB-4187-4DDF-85BE-682A5001D6C2}.Release|Any CPU.Build.0 = Release|Any CPU
		{9BB8D7F9-F5C9-4038-9224-00A941EA567A}.Debug|Any CPU.ActiveCfg = Debug|Any CPU
		{9BB8D7F9-F5C9-4038-9224-00A941EA567A}.Debug|Any CPU.Build.0 = Debug|Any CPU
		{9BB8D7F9-F5C9-4038-9224-00A941EA567A}.Release|Any CPU.ActiveCfg = Release|Any CPU
		{9BB8D7F9-F5C9-4038-9224-00A941EA567A}.Release|Any CPU.Build.0 = Release|Any CPU
		{C81C24DD-673E-4874-A6BB-7FFD0B2C2E21}.Debug|Any CPU.ActiveCfg = Debug|Any CPU
		{C81C24DD-673E-4874-A6BB-7FFD0B2C2E21}.Debug|Any CPU.Build.0 = Debug|Any CPU
		{C81C24DD-673E-4874-A6BB-7FFD0B2C2E21}.Release|Any CPU.ActiveCfg = Release|Any CPU
		{C81C24DD-673E-4874-A6BB-7FFD0B2C2E21}.Release|Any CPU.Build.0 = Release|Any CPU
		{370B1C15-9A37-4156-9F26-7759E25FD489}.Debug|Any CPU.ActiveCfg = Debug|Any CPU
		{370B1C15-9A37-4156-9F26-7759E25FD489}.Debug|Any CPU.Build.0 = Debug|Any CPU
		{370B1C15-9A37-4156-9F26-7759E25FD489}.Release|Any CPU.ActiveCfg = Release|Any CPU
		{370B1C15-9A37-4156-9F26-7759E25FD489}.Release|Any CPU.Build.0 = Release|Any CPU
		{21246D62-97C4-4E95-B1D2-B4A3ED4E7D6C}.Debug|Any CPU.ActiveCfg = Debug|Any CPU
		{21246D62-97C4-4E95-B1D2-B4A3ED4E7D6C}.Debug|Any CPU.Build.0 = Debug|Any CPU
		{21246D62-97C4-4E95-B1D2-B4A3ED4E7D6C}.Release|Any CPU.ActiveCfg = Release|Any CPU
		{21246D62-97C4-4E95-B1D2-B4A3ED4E7D6C}.Release|Any CPU.Build.0 = Release|Any CPU
		{FC32C02F-9148-43FC-BB0F-9721F7CF3321}.Debug|Any CPU.ActiveCfg = Debug|Any CPU
		{FC32C02F-9148-43FC-BB0F-9721F7CF3321}.Debug|Any CPU.Build.0 = Debug|Any CPU
		{FC32C02F-9148-43FC-BB0F-9721F7CF3321}.Release|Any CPU.ActiveCfg = Release|Any CPU
		{FC32C02F-9148-43FC-BB0F-9721F7CF3321}.Release|Any CPU.Build.0 = Release|Any CPU
		{11FACBC3-8B90-4E63-BEF6-AEEBDC85E079}.Debug|Any CPU.ActiveCfg = Debug|Any CPU
		{11FACBC3-8B90-4E63-BEF6-AEEBDC85E079}.Debug|Any CPU.Build.0 = Debug|Any CPU
		{11FACBC3-8B90-4E63-BEF6-AEEBDC85E079}.Release|Any CPU.ActiveCfg = Release|Any CPU
		{11FACBC3-8B90-4E63-BEF6-AEEBDC85E079}.Release|Any CPU.Build.0 = Release|Any CPU
		{D3D8362D-5B42-4C81-9472-C821A0D0684E}.Debug|Any CPU.ActiveCfg = Debug|Any CPU
		{D3D8362D-5B42-4C81-9472-C821A0D0684E}.Debug|Any CPU.Build.0 = Debug|Any CPU
		{D3D8362D-5B42-4C81-9472-C821A0D0684E}.Release|Any CPU.ActiveCfg = Release|Any CPU
		{D3D8362D-5B42-4C81-9472-C821A0D0684E}.Release|Any CPU.Build.0 = Release|Any CPU
		{C214BF55-9D5D-4E4D-828F-6F6372F3FB76}.Debug|Any CPU.ActiveCfg = Debug|Any CPU
		{C214BF55-9D5D-4E4D-828F-6F6372F3FB76}.Debug|Any CPU.Build.0 = Debug|Any CPU
		{C214BF55-9D5D-4E4D-828F-6F6372F3FB76}.Release|Any CPU.ActiveCfg = Release|Any CPU
		{C214BF55-9D5D-4E4D-828F-6F6372F3FB76}.Release|Any CPU.Build.0 = Release|Any CPU
	EndGlobalSection
	GlobalSection(SolutionProperties) = preSolution
		HideSolutionNode = FALSE
	EndGlobalSection
	GlobalSection(NestedProjects) = preSolution
		{F408F602-AC85-4B16-87E9-AE66CBEFB45D} = {A5DEA1C6-5C5D-4D02-973A-CE299FC46BC6}
		{08770495-BCDD-4066-A4A3-1F1E4B741816} = {A5DEA1C6-5C5D-4D02-973A-CE299FC46BC6}
		{57D7129B-0F93-4D85-B1DF-FE948D4453FE} = {A5DEA1C6-5C5D-4D02-973A-CE299FC46BC6}
		{B7BD9CBA-BD55-4B38-95C0-22D60DD4C1D1} = {85AE2D77-5A44-46DF-A2D6-6D8D7354C230}
		{F57D37FE-CA45-4AB0-845C-698F25588F37} = {85AE2D77-5A44-46DF-A2D6-6D8D7354C230}
		{1C0223D6-5B39-49DE-ABCC-184C319A6FB7} = {85AE2D77-5A44-46DF-A2D6-6D8D7354C230}
		{EDEE62AB-4187-4DDF-85BE-682A5001D6C2} = {BA1B19EB-40FD-42DD-BE02-AD52078DBDA9}
		{9BB8D7F9-F5C9-4038-9224-00A941EA567A} = {BA1B19EB-40FD-42DD-BE02-AD52078DBDA9}
		{C81C24DD-673E-4874-A6BB-7FFD0B2C2E21} = {BA1B19EB-40FD-42DD-BE02-AD52078DBDA9}
		{370B1C15-9A37-4156-9F26-7759E25FD489} = {E36D67F9-C0D8-44F0-9413-C5C6097748EB}
		{21246D62-97C4-4E95-B1D2-B4A3ED4E7D6C} = {E36D67F9-C0D8-44F0-9413-C5C6097748EB}
		{FC32C02F-9148-43FC-BB0F-9721F7CF3321} = {E36D67F9-C0D8-44F0-9413-C5C6097748EB}
		{11FACBC3-8B90-4E63-BEF6-AEEBDC85E079} = {ACC367E8-6803-44C6-90AF-5BB3C91C9D23}
		{D3D8362D-5B42-4C81-9472-C821A0D0684E} = {ACC367E8-6803-44C6-90AF-5BB3C91C9D23}
		{C214BF55-9D5D-4E4D-828F-6F6372F3FB76} = {ACC367E8-6803-44C6-90AF-5BB3C91C9D23}
	EndGlobalSection
	GlobalSection(ExtensibilityGlobals) = postSolution
		SolutionGuid = {62A9AA5D-9FFB-4968-836F-758E26368D33}
	EndGlobalSection
EndGlobal
