
Microsoft Visual Studio Solution File, Format Version 12.00
# Visual Studio Version 17
VisualStudioVersion = 17.7.34031.279
MinimumVisualStudioVersion = 10.0.40219.1
Project("{2150E333-8FDC-42A3-9474-1A3956D46DE8}") = "Task0", "Task0", "{A5DEA1C6-5C5D-4D02-973A-CE299FC46BC6}"
EndProject
Project("{FAE04EC0-301F-11D3-BF4B-00C04F79EFBC}") = "Tyuiu.SpirinAA.Sprint3.Task0.V25", "Tyuiu.SpirinAA.Sprint3.Task0.V25\Tyuiu.SpirinAA.Sprint3.Task0.V25.csproj", "{F408F602-AC85-4B16-87E9-AE66CBEFB45D}"
EndProject
Project("{FAE04EC0-301F-11D3-BF4B-00C04F79EFBC}") = "Tyuiu.SpirinAA.Sprint3.Task0.V25.Lib", "Tyuiu.SpirinAA.Sprint3.Task0.V25.Lib\Tyuiu.SpirinAA.Sprint3.Task0.V25.Lib.csproj", "{08770495-BCDD-4066-A4A3-1F1E4B741816}"
EndProject
Project("{FAE04EC0-301F-11D3-BF4B-00C04F79EFBC}") = "Tyuiu.SpirinAA.Sprint3.Task0.V25.Test", "Tyuiu.SpirinAA.Sprint3.Task0.V25.Test\Tyuiu.SpirinAA.Sprint3.Task0.V25.Test.csproj", "{57D7129B-0F93-4D85-B1DF-FE948D4453FE}"
EndProject
Global
	GlobalSection(SolutionConfigurationPlatforms) = preSolution
		Debug|Any CPU = Debug|Any CPU
		Release|Any CPU = Release|Any CPU
	EndGlobalSection
	GlobalSection(ProjectConfigurationPlatforms) = postSolution
		{F408F602-AC85-4B16-87E9-AE66CBEFB45D}.Debug|Any CPU.ActiveCfg = Debug|Any CPU
		{F408F602-AC85-4B16-87E9-AE66CBEFB45D}.Debug|Any CPU.Build.0 = Debug|Any CPU
		{F408F602-AC85-4B16-87E9-AE66CBEFB45D}.Release|Any CPU.ActiveCfg = Release|Any CPU
		{F408F602-AC85-4B16-87E9-AE66CBEFB45D}.Release|Any CPU.Build.0 = Release|Any CPU
		{08770495-BCDD-4066-A4A3-1F1E4B741816}.Debug|Any CPU.ActiveCfg = Debug|Any CPU
		{08770495-BCDD-4066-A4A3-1F1E4B741816}.Debug|Any CPU.Build.0 = Debug|Any CPU
		{08770495-BCDD-4066-A4A3-1F1E4B741816}.Release|Any CPU.ActiveCfg = Release|Any CPU
		{08770495-BCDD-4066-A4A3-1F1E4B741816}.Release|Any CPU.Build.0 = Release|Any CPU
		{57D7129B-0F93-4D85-B1DF-FE948D4453FE}.Debug|Any CPU.ActiveCfg = Debug|Any CPU
		{57D7129B-0F93-4D85-B1DF-FE948D4453FE}.Debug|Any CPU.Build.0 = Debug|Any CPU
		{57D7129B-0F93-4D85-B1DF-FE948D4453FE}.Release|Any CPU.ActiveCfg = Release|Any CPU
		{57D7129B-0F93-4D85-B1DF-FE948D4453FE}.Release|Any CPU.Build.0 = Release|Any CPU
	EndGlobalSection
	GlobalSection(SolutionProperties) = preSolution
		HideSolutionNode = FALSE
	EndGlobalSection
	GlobalSection(NestedProjects) = preSolution
		{F408F602-AC85-4B16-87E9-AE66CBEFB45D} = {A5DEA1C6-5C5D-4D02-973A-CE299FC46BC6}
		{08770495-BCDD-4066-A4A3-1F1E4B741816} = {A5DEA1C6-5C5D-4D02-973A-CE299FC46BC6}
		{57D7129B-0F93-4D85-B1DF-FE948D4453FE} = {A5DEA1C6-5C5D-4D02-973A-CE299FC46BC6}
	EndGlobalSection
	GlobalSection(ExtensibilityGlobals) = postSolution
		SolutionGuid = {62A9AA5D-9FFB-4968-836F-758E26368D33}
	EndGlobalSection
EndGlobal
